# generated by rye
# use `rye lock` or `rye sync` to update this lockfile
#
# last locked with the following flags:
#   pre: false
#   features: []
#   all-features: false
#   with-sources: false
#   generate-hashes: false
#   universal: false

-e file:.
aiofiles==23.2.1
    # via chainlit
aiohappyeyeballs==2.4.4
    # via aiohttp
aiohttp==3.11.11
    # via langchain
    # via langchain-community
aiosignal==1.3.2
    # via aiohttp
altair==5.5.0
    # via play-pgvector
annotated-types==0.7.0
    # via pydantic
anthropic==0.42.0
    # via play-pgvector
anyio==4.7.0
    # via anthropic
    # via asyncer
    # via httpx
    # via starlette
    # via watchfiles
asyncer==0.0.7
    # via chainlit
attrs==24.3.0
    # via aiohttp
    # via jsonschema
    # via referencing
bidict==0.23.1
    # via python-socketio
boto3==1.35.89
    # via langchain-aws
    # via play-pgvector
boto3-stubs==1.35.90
    # via play-pgvector
botocore==1.35.89
    # via boto3
    # via play-pgvector
    # via s3transfer
botocore-stubs==1.35.90
    # via boto3-stubs
certifi==2024.12.14
    # via httpcore
    # via httpx
    # via requests
chainlit==1.3.2
    # via play-pgvector
charset-normalizer==3.4.1
    # via requests
chevron==0.14.0
    # via literalai
click==8.1.8
    # via chainlit
    # via uvicorn
dataclasses-json==0.6.7
    # via chainlit
    # via langchain-community
deprecated==1.2.15
    # via opentelemetry-api
    # via opentelemetry-exporter-otlp-proto-grpc
    # via opentelemetry-exporter-otlp-proto-http
    # via opentelemetry-semantic-conventions
distro==1.9.0
    # via anthropic
fastapi==0.115.6
    # via chainlit
filetype==1.2.0
    # via chainlit
frozenlist==1.5.0
    # via aiohttp
    # via aiosignal
googleapis-common-protos==1.66.0
    # via opentelemetry-exporter-otlp-proto-grpc
    # via opentelemetry-exporter-otlp-proto-http
greenlet==3.1.1
    # via play-pgvector
grpcio==1.68.1
    # via opentelemetry-exporter-otlp-proto-grpc
h11==0.14.0
    # via httpcore
    # via uvicorn
    # via wsproto
httpcore==1.0.7
    # via httpx
httpx==0.28.1
    # via anthropic
    # via chainlit
    # via langgraph-sdk
    # via langsmith
    # via literalai
httpx-sse==0.4.0
    # via langchain-community
idna==3.10
    # via anyio
    # via httpx
    # via requests
    # via yarl
importlib-metadata==8.5.0
    # via opentelemetry-api
jinja2==3.1.5
    # via altair
jiter==0.8.2
    # via anthropic
jmespath==1.0.1
    # via boto3
    # via botocore
jsonpatch==1.33
    # via langchain-core
jsonpointer==3.0.0
    # via jsonpatch
jsonschema==4.23.0
    # via altair
jsonschema-specifications==2024.10.1
    # via jsonschema
langchain==0.3.13
    # via langchain-community
    # via play-pgvector
langchain-aws==0.2.1
    # via play-pgvector
langchain-community==0.3.13
    # via play-pgvector
langchain-core==0.3.28
    # via langchain
    # via langchain-aws
    # via langchain-community
    # via langchain-postgres
    # via langchain-text-splitters
    # via langgraph
    # via langgraph-checkpoint
langchain-postgres==0.0.12
    # via play-pgvector
langchain-text-splitters==0.3.4
    # via langchain
langgraph==0.2.60
    # via play-pgvector
langgraph-checkpoint==2.0.9
    # via langgraph
langgraph-sdk==0.1.48
    # via langgraph
langsmith==0.2.6
    # via langchain
    # via langchain-community
    # via langchain-core
lazify==0.4.0
    # via chainlit
literalai==0.0.623
    # via chainlit
markupsafe==3.0.2
    # via jinja2
marshmallow==3.23.2
    # via dataclasses-json
msgpack==1.1.0
    # via langgraph-checkpoint
multidict==6.1.0
    # via aiohttp
    # via yarl
mypy-extensions==1.0.0
    # via typing-inspect
narwhals==1.19.1
    # via altair
nest-asyncio==1.6.0
    # via chainlit
numpy==1.26.4
    # via chainlit
    # via langchain
    # via langchain-aws
    # via langchain-community
    # via langchain-postgres
    # via pgvector
opentelemetry-api==1.28.2
    # via opentelemetry-exporter-otlp-proto-grpc
    # via opentelemetry-exporter-otlp-proto-http
    # via opentelemetry-instrumentation
    # via opentelemetry-sdk
    # via opentelemetry-semantic-conventions
    # via uptrace
opentelemetry-exporter-otlp==1.28.2
    # via uptrace
opentelemetry-exporter-otlp-proto-common==1.28.2
    # via opentelemetry-exporter-otlp-proto-grpc
    # via opentelemetry-exporter-otlp-proto-http
opentelemetry-exporter-otlp-proto-grpc==1.28.2
    # via opentelemetry-exporter-otlp
opentelemetry-exporter-otlp-proto-http==1.28.2
    # via opentelemetry-exporter-otlp
opentelemetry-instrumentation==0.49b2
    # via uptrace
opentelemetry-proto==1.28.2
    # via opentelemetry-exporter-otlp-proto-common
    # via opentelemetry-exporter-otlp-proto-grpc
    # via opentelemetry-exporter-otlp-proto-http
opentelemetry-sdk==1.28.2
    # via opentelemetry-exporter-otlp-proto-grpc
    # via opentelemetry-exporter-otlp-proto-http
    # via uptrace
opentelemetry-semantic-conventions==0.49b2
    # via opentelemetry-instrumentation
    # via opentelemetry-sdk
orjson==3.10.12
    # via langgraph-sdk
    # via langsmith
packaging==23.2
    # via altair
    # via chainlit
    # via langchain-core
    # via literalai
    # via marshmallow
    # via opentelemetry-instrumentation
pgvector==0.2.5
    # via langchain-postgres
    # via play-pgvector
propcache==0.2.1
    # via aiohttp
    # via yarl
protobuf==5.29.2
    # via googleapis-common-protos
    # via opentelemetry-proto
psycopg==3.2.3
    # via langchain-postgres
    # via play-pgvector
psycopg-binary==3.2.3
    # via psycopg
psycopg-pool==3.2.4
    # via langchain-postgres
    # via psycopg
psycopg2-binary==2.9.10
    # via play-pgvector
pydantic==2.10.1
    # via anthropic
    # via chainlit
    # via fastapi
    # via langchain
    # via langchain-aws
    # via langchain-core
    # via langsmith
    # via literalai
    # via play-pgvector
    # via pydantic-settings
pydantic-core==2.27.1
    # via pydantic
pydantic-settings==2.7.0
    # via langchain-community
pyjwt==2.10.1
    # via chainlit
python-dateutil==2.9.0.post0
    # via botocore
python-dotenv==1.0.1
    # via chainlit
    # via play-pgvector
    # via pydantic-settings
python-engineio==4.11.2
    # via python-socketio
python-multipart==0.0.9
    # via chainlit
python-socketio==5.12.1
    # via chainlit
pyyaml==6.0.2
    # via langchain
    # via langchain-community
    # via langchain-core
referencing==0.35.1
    # via jsonschema
    # via jsonschema-specifications
requests==2.32.3
    # via langchain
    # via langchain-community
    # via langsmith
    # via opentelemetry-exporter-otlp-proto-http
    # via requests-toolbelt
requests-toolbelt==1.0.0
    # via langsmith
rpds-py==0.22.3
    # via jsonschema
    # via referencing
s3transfer==0.10.4
    # via boto3
simple-websocket==1.1.0
    # via python-engineio
six==1.17.0
    # via python-dateutil
sniffio==1.3.1
    # via anthropic
    # via anyio
sqlalchemy==2.0.36
    # via langchain
    # via langchain-community
    # via langchain-postgres
starlette==0.41.3
    # via chainlit
    # via fastapi
syncer==2.0.3
    # via chainlit
tenacity==9.0.0
    # via langchain
    # via langchain-community
    # via langchain-core
tomli==2.2.1
    # via chainlit
types-awscrt==0.23.6
    # via botocore-stubs
types-psycopg2==2.9.21.20241019
    # via play-pgvector
types-s3transfer==0.10.4
    # via boto3-stubs
typing-extensions==4.12.2
    # via altair
    # via anthropic
    # via anyio
    # via fastapi
    # via langchain-core
    # via opentelemetry-sdk
    # via psycopg
    # via psycopg-pool
    # via pydantic
    # via pydantic-core
    # via sqlalchemy
    # via typing-inspect
typing-inspect==0.9.0
    # via dataclasses-json
uptrace==1.28.2
    # via chainlit
urllib3==2.3.0
    # via botocore
    # via play-pgvector
    # via requests
uvicorn==0.25.0
    # via chainlit
watchdog==6.0.0
    # via play-pgvector
watchfiles==0.20.0
    # via chainlit
wrapt==1.17.0
    # via deprecated
    # via opentelemetry-instrumentation
wsproto==1.2.0
    # via simple-websocket
yarl==1.18.3
    # via aiohttp
zipp==3.21.0
    # via importlib-metadata
